
Microsoft Visual Studio Solution File, Format Version 12.00
# Visual Studio Version 17
VisualStudioVersion = 17.7.34031.279
MinimumVisualStudioVersion = 10.0.40219.1
Project("{FAE04EC0-301F-11D3-BF4B-00C04F79EFBC}") = "CpPsiquiatrico", "CpPsiquiatrico\CpPsiquiatrico.csproj", "{0376FED9-C93C-4727-B569-2AE813E9C6D0}"
EndProject
Project("{FAE04EC0-301F-11D3-BF4B-00C04F79EFBC}") = "CadPsiquiatrico", "CadPsiquiatrico\CadPsiquiatrico.csproj", "{4E16C6EA-6F34-464A-8ADD-8A80D77CFA9A}"
EndProject
Project("{FAE04EC0-301F-11D3-BF4B-00C04F79EFBC}") = "ClnPsiquiatrico", "ClnPsiquiatrico\ClnPsiquiatrico.csproj", "{C5420C04-72C0-4819-9D56-9B67FB79BAD0}"
EndProject
Global
	GlobalSection(SolutionConfigurationPlatforms) = preSolution
		Debug|Any CPU = Debug|Any CPU
		Release|Any CPU = Release|Any CPU
	EndGlobalSection
	GlobalSection(ProjectConfigurationPlatforms) = postSolution
		{0376FED9-C93C-4727-B569-2AE813E9C6D0}.Debug|Any CPU.ActiveCfg = Debug|Any CPU
		{0376FED9-C93C-4727-B569-2AE813E9C6D0}.Debug|Any CPU.Build.0 = Debug|Any CPU
		{0376FED9-C93C-4727-B569-2AE813E9C6D0}.Release|Any CPU.ActiveCfg = Release|Any CPU
		{0376FED9-C93C-4727-B569-2AE813E9C6D0}.Release|Any CPU.Build.0 = Release|Any CPU
		{4E16C6EA-6F34-464A-8ADD-8A80D77CFA9A}.Debug|Any CPU.ActiveCfg = Debug|Any CPU
		{4E16C6EA-6F34-464A-8ADD-8A80D77CFA9A}.Debug|Any CPU.Build.0 = Debug|Any CPU
		{4E16C6EA-6F34-464A-8ADD-8A80D77CFA9A}.Release|Any CPU.ActiveCfg = Release|Any CPU
		{4E16C6EA-6F34-464A-8ADD-8A80D77CFA9A}.Release|Any CPU.Build.0 = Release|Any CPU
		{C5420C04-72C0-4819-9D56-9B67FB79BAD0}.Debug|Any CPU.ActiveCfg = Debug|Any CPU
		{C5420C04-72C0-4819-9D56-9B67FB79BAD0}.Debug|Any CPU.Build.0 = Debug|Any CPU
		{C5420C04-72C0-4819-9D56-9B67FB79BAD0}.Release|Any CPU.ActiveCfg = Release|Any CPU
		{C5420C04-72C0-4819-9D56-9B67FB79BAD0}.Release|Any CPU.Build.0 = Release|Any CPU
	EndGlobalSection
	GlobalSection(SolutionProperties) = preSolution
		HideSolutionNode = FALSE
	EndGlobalSection
	GlobalSection(ExtensibilityGlobals) = postSolution
		SolutionGuid = {27C404F5-F9EB-4488-BDF4-588ADCA7B52E}
	EndGlobalSection
EndGlobal
